
Microsoft Visual Studio Solution File, Format Version 12.00
# Visual Studio 14
VisualStudioVersion = 14.0.25420.1
MinimumVisualStudioVersion = 10.0.40219.1
Project("{FAE04EC0-301F-11D3-BF4B-00C04F79EFBC}") = "Nova.WordHtmlConverterBusiness", "Nova.WordHtmlConverterBusiness\Nova.WordHtmlConverterBusiness.csproj", "{86BC0768-3E30-4152-B0FB-394DD2FD5226}"
EndProject
Project("{FAE04EC0-301F-11D3-BF4B-00C04F79EFBC}") = "Nova.WordHtmlConverterBusinessTests", "Nova.WordHtmlConverterBusinessTests\Nova.WordHtmlConverterBusinessTests.csproj", "{A7B6B6BC-221B-4A94-B528-FBDBCE371A8E}"
EndProject
Global
	GlobalSection(SolutionConfigurationPlatforms) = preSolution
		Debug|Any CPU = Debug|Any CPU
		Release|Any CPU = Release|Any CPU
	EndGlobalSection
	GlobalSection(ProjectConfigurationPlatforms) = postSolution
		{86BC0768-3E30-4152-B0FB-394DD2FD5226}.Debug|Any CPU.ActiveCfg = Debug|Any CPU
		{86BC0768-3E30-4152-B0FB-394DD2FD5226}.Debug|Any CPU.Build.0 = Debug|Any CPU
		{86BC0768-3E30-4152-B0FB-394DD2FD5226}.Release|Any CPU.ActiveCfg = Release|Any CPU
		{86BC0768-3E30-4152-B0FB-394DD2FD5226}.Release|Any CPU.Build.0 = Release|Any CPU
		{A7B6B6BC-221B-4A94-B528-FBDBCE371A8E}.Debug|Any CPU.ActiveCfg = Debug|Any CPU
		{A7B6B6BC-221B-4A94-B528-FBDBCE371A8E}.Debug|Any CPU.Build.0 = Debug|Any CPU
		{A7B6B6BC-221B-4A94-B528-FBDBCE371A8E}.Release|Any CPU.ActiveCfg = Release|Any CPU
		{A7B6B6BC-221B-4A94-B528-FBDBCE371A8E}.Release|Any CPU.Build.0 = Release|Any CPU
	EndGlobalSection
	GlobalSection(SolutionProperties) = preSolution
		HideSolutionNode = FALSE
	EndGlobalSection
EndGlobal
